{
  "system_status": "LOCKED",
  "locked_by": "Sovereign-Architect-Node-01",
  "current_operation": "HYPER_EXPANSION_CYCLE_4",
  "lock_acquired_at": "2026-03-29T04:41:00.000Z",
  "timeout_seconds": 300,
  "target_modules": [
    "main.py",
    "evolved_module.py"
  ],
  "emergency_override_code": "ALPHA-OMEGA-99"
}
